
Microsoft Visual Studio Solution File, Format Version 12.00
# Visual Studio Version 17
VisualStudioVersion = 17.2.32630.192
MinimumVisualStudioVersion = 10.0.40219.1
Project("{2150E333-8FDC-42A3-9474-1A3956D46DE8}") = "Sibers.ProjectManagementSystem.Presentation", "Sibers.ProjectManagementSystem.Presentation", "{9319F6CC-3B5A-4F94-8371-8999D4593632}"
EndProject
Project("{2150E333-8FDC-42A3-9474-1A3956D46DE8}") = "Sibers.ProjectManagementSystem.Presentation.Web", "Sibers.ProjectManagementSystem.Presentation.Web", "{59332EAA-FBAD-4244-B9ED-C0894DE05A6E}"
EndProject
Project("{2150E333-8FDC-42A3-9474-1A3956D46DE8}") = "Sibers.ProjectManagementSystem.Presentation.Web.Blazor", "Sibers.ProjectManagementSystem.Presentation.Web.Blazor", "{45608106-0349-46F8-A4C5-D2068587B7F6}"
EndProject
Project("{2150E333-8FDC-42A3-9474-1A3956D46DE8}") = "Sibers.ProjectManagementSystem.Presentation.Web.MVC", "Sibers.ProjectManagementSystem.Presentation.Web.MVC", "{81BD00F0-E238-41B0-B10D-D58300F6A3B8}"
EndProject
Project("{9A19103F-16F7-4668-BE54-9A1E7A4F7556}") = "Sibers.ProjectManagementSystem.Presentation.Web.MVC", "Sibers.ProjectManagementSystem.Presentation.Web.MVC\Sibers.ProjectManagementSystem.Presentation.Web.MVC.csproj", "{0181FA6B-3651-4A03-B6F9-A6723697A10E}"
EndProject
Project("{2150E333-8FDC-42A3-9474-1A3956D46DE8}") = "Sibers.ProjectManagementSystem.Data", "Sibers.ProjectManagementSystem.Data", "{B272EBD9-CFAE-445D-8711-AFB8B9735D45}"
EndProject
Project("{2150E333-8FDC-42A3-9474-1A3956D46DE8}") = "Sibers.ProjectManagementSystem.Tests", "Sibers.ProjectManagementSystem.Tests", "{0CEA63EB-ABE4-4C46-A84A-01F662919AE2}"
EndProject
Project("{9A19103F-16F7-4668-BE54-9A1E7A4F7556}") = "Sibers.ProjectManagementSystem.Data.MSSQL", "Sibers.ProjectManagementSystem.Data.MSSQL\Sibers.ProjectManagementSystem.Data.MSSQL.csproj", "{3D2F8057-27FB-4269-8316-A27F11FA6EFD}"
EndProject
Project("{9A19103F-16F7-4668-BE54-9A1E7A4F7556}") = "Sibers.ProjectManagementSystem.Data.Entities", "Sibers.ProjectManagementSystem.Data.Entities\Sibers.ProjectManagementSystem.Data.Entities.csproj", "{33D64EF1-104D-4B81-9673-046EC087CF7A}"
EndProject
Project("{9A19103F-16F7-4668-BE54-9A1E7A4F7556}") = "Sibers.ProjectManagementSystem.Data.Repositories", "Sibers.ProjectManagementSystem.Data.Repositories\Sibers.ProjectManagementSystem.Data.Repositories.csproj", "{F15AC007-40D5-4145-A840-3923F7B06B81}"
EndProject
Project("{9A19103F-16F7-4668-BE54-9A1E7A4F7556}") = "Sibers.ProjectManagementSystem.API", "Sibers.ProjectManagementSystem.API\Sibers.ProjectManagementSystem.API.csproj", "{5F7984D5-6452-4640-B32E-6FAC3FE5B4D1}"
EndProject
Project("{9A19103F-16F7-4668-BE54-9A1E7A4F7556}") = "Sibers.ProjectManagementSystem.Data.DbContexts", "Sibers.ProjectManagementSystem.Data.DbContexts\Sibers.ProjectManagementSystem.Data.DbContexts.csproj", "{2A747CDB-D6DD-4093-A489-B0430A0C8C6A}"
EndProject
Project("{9A19103F-16F7-4668-BE54-9A1E7A4F7556}") = "Sibers.ProjectManagementSystem.Data.UnitsOfWork", "Sibers.ProjectManagementSystem.Data.UnitsOfWork\Sibers.ProjectManagementSystem.Data.UnitsOfWork.csproj", "{93579A72-2FA2-4C27-B372-AD79E7AF51E5}"
EndProject
Project("{2150E333-8FDC-42A3-9474-1A3956D46DE8}") = "Sibers.ProjectManagementSystem.Services", "Sibers.ProjectManagementSystem.Services", "{270A9E39-0251-4990-A18F-2108ED123F2B}"
EndProject
Project("{9A19103F-16F7-4668-BE54-9A1E7A4F7556}") = "Sibers.ProjectManagementSystem.Services.Utilities", "Sibers.ProjectManagementSystem.Services.Utilities\Sibers.ProjectManagementSystem.Services.Utilities.csproj", "{76E968D7-69A9-47D0-8841-6AED0658082E}"
EndProject
Project("{9A19103F-16F7-4668-BE54-9A1E7A4F7556}") = "Sibers.ProjectManagementSystem.Presentation.Web.Blazor", "Sibers.ProjectManagementSystem.Presentation.Web.Blazor\Sibers.ProjectManagementSystem.Presentation.Web.Blazor.csproj", "{75B41171-646B-4232-89BF-E7E8F091670F}"
EndProject
Project("{FAE04EC0-301F-11D3-BF4B-00C04F79EFBC}") = "Sibers.ProjectManagementSystem.Services.Web", "Sibers.ProjectManagementSystem.Services.Web\Sibers.ProjectManagementSystem.Services.Web.csproj", "{442A30BE-76B3-4656-82D0-E17621FE796D}"
EndProject
Global
	GlobalSection(SolutionConfigurationPlatforms) = preSolution
		Debug|Any CPU = Debug|Any CPU
		Release|Any CPU = Release|Any CPU
	EndGlobalSection
	GlobalSection(ProjectConfigurationPlatforms) = postSolution
		{0181FA6B-3651-4A03-B6F9-A6723697A10E}.Debug|Any CPU.ActiveCfg = Debug|Any CPU
		{0181FA6B-3651-4A03-B6F9-A6723697A10E}.Debug|Any CPU.Build.0 = Debug|Any CPU
		{0181FA6B-3651-4A03-B6F9-A6723697A10E}.Release|Any CPU.ActiveCfg = Release|Any CPU
		{0181FA6B-3651-4A03-B6F9-A6723697A10E}.Release|Any CPU.Build.0 = Release|Any CPU
		{3D2F8057-27FB-4269-8316-A27F11FA6EFD}.Debug|Any CPU.ActiveCfg = Debug|Any CPU
		{3D2F8057-27FB-4269-8316-A27F11FA6EFD}.Debug|Any CPU.Build.0 = Debug|Any CPU
		{3D2F8057-27FB-4269-8316-A27F11FA6EFD}.Release|Any CPU.ActiveCfg = Release|Any CPU
		{3D2F8057-27FB-4269-8316-A27F11FA6EFD}.Release|Any CPU.Build.0 = Release|Any CPU
		{33D64EF1-104D-4B81-9673-046EC087CF7A}.Debug|Any CPU.ActiveCfg = Debug|Any CPU
		{33D64EF1-104D-4B81-9673-046EC087CF7A}.Debug|Any CPU.Build.0 = Debug|Any CPU
		{33D64EF1-104D-4B81-9673-046EC087CF7A}.Release|Any CPU.ActiveCfg = Release|Any CPU
		{33D64EF1-104D-4B81-9673-046EC087CF7A}.Release|Any CPU.Build.0 = Release|Any CPU
		{F15AC007-40D5-4145-A840-3923F7B06B81}.Debug|Any CPU.ActiveCfg = Debug|Any CPU
		{F15AC007-40D5-4145-A840-3923F7B06B81}.Debug|Any CPU.Build.0 = Debug|Any CPU
		{F15AC007-40D5-4145-A840-3923F7B06B81}.Release|Any CPU.ActiveCfg = Release|Any CPU
		{F15AC007-40D5-4145-A840-3923F7B06B81}.Release|Any CPU.Build.0 = Release|Any CPU
		{5F7984D5-6452-4640-B32E-6FAC3FE5B4D1}.Debug|Any CPU.ActiveCfg = Debug|Any CPU
		{5F7984D5-6452-4640-B32E-6FAC3FE5B4D1}.Debug|Any CPU.Build.0 = Debug|Any CPU
		{5F7984D5-6452-4640-B32E-6FAC3FE5B4D1}.Release|Any CPU.ActiveCfg = Release|Any CPU
		{5F7984D5-6452-4640-B32E-6FAC3FE5B4D1}.Release|Any CPU.Build.0 = Release|Any CPU
		{2A747CDB-D6DD-4093-A489-B0430A0C8C6A}.Debug|Any CPU.ActiveCfg = Debug|Any CPU
		{2A747CDB-D6DD-4093-A489-B0430A0C8C6A}.Debug|Any CPU.Build.0 = Debug|Any CPU
		{2A747CDB-D6DD-4093-A489-B0430A0C8C6A}.Release|Any CPU.ActiveCfg = Release|Any CPU
		{2A747CDB-D6DD-4093-A489-B0430A0C8C6A}.Release|Any CPU.Build.0 = Release|Any CPU
		{93579A72-2FA2-4C27-B372-AD79E7AF51E5}.Debug|Any CPU.ActiveCfg = Debug|Any CPU
		{93579A72-2FA2-4C27-B372-AD79E7AF51E5}.Debug|Any CPU.Build.0 = Debug|Any CPU
		{93579A72-2FA2-4C27-B372-AD79E7AF51E5}.Release|Any CPU.ActiveCfg = Release|Any CPU
		{93579A72-2FA2-4C27-B372-AD79E7AF51E5}.Release|Any CPU.Build.0 = Release|Any CPU
		{76E968D7-69A9-47D0-8841-6AED0658082E}.Debug|Any CPU.ActiveCfg = Debug|Any CPU
		{76E968D7-69A9-47D0-8841-6AED0658082E}.Debug|Any CPU.Build.0 = Debug|Any CPU
		{76E968D7-69A9-47D0-8841-6AED0658082E}.Release|Any CPU.ActiveCfg = Release|Any CPU
		{76E968D7-69A9-47D0-8841-6AED0658082E}.Release|Any CPU.Build.0 = Release|Any CPU
		{75B41171-646B-4232-89BF-E7E8F091670F}.Debug|Any CPU.ActiveCfg = Debug|Any CPU
		{75B41171-646B-4232-89BF-E7E8F091670F}.Debug|Any CPU.Build.0 = Debug|Any CPU
		{75B41171-646B-4232-89BF-E7E8F091670F}.Release|Any CPU.ActiveCfg = Release|Any CPU
		{75B41171-646B-4232-89BF-E7E8F091670F}.Release|Any CPU.Build.0 = Release|Any CPU
		{442A30BE-76B3-4656-82D0-E17621FE796D}.Debug|Any CPU.ActiveCfg = Debug|Any CPU
		{442A30BE-76B3-4656-82D0-E17621FE796D}.Debug|Any CPU.Build.0 = Debug|Any CPU
		{442A30BE-76B3-4656-82D0-E17621FE796D}.Release|Any CPU.ActiveCfg = Release|Any CPU
		{442A30BE-76B3-4656-82D0-E17621FE796D}.Release|Any CPU.Build.0 = Release|Any CPU
	EndGlobalSection
	GlobalSection(SolutionProperties) = preSolution
		HideSolutionNode = FALSE
	EndGlobalSection
	GlobalSection(NestedProjects) = preSolution
		{59332EAA-FBAD-4244-B9ED-C0894DE05A6E} = {9319F6CC-3B5A-4F94-8371-8999D4593632}
		{45608106-0349-46F8-A4C5-D2068587B7F6} = {59332EAA-FBAD-4244-B9ED-C0894DE05A6E}
		{81BD00F0-E238-41B0-B10D-D58300F6A3B8} = {59332EAA-FBAD-4244-B9ED-C0894DE05A6E}
		{0181FA6B-3651-4A03-B6F9-A6723697A10E} = {81BD00F0-E238-41B0-B10D-D58300F6A3B8}
		{3D2F8057-27FB-4269-8316-A27F11FA6EFD} = {B272EBD9-CFAE-445D-8711-AFB8B9735D45}
		{33D64EF1-104D-4B81-9673-046EC087CF7A} = {B272EBD9-CFAE-445D-8711-AFB8B9735D45}
		{F15AC007-40D5-4145-A840-3923F7B06B81} = {B272EBD9-CFAE-445D-8711-AFB8B9735D45}
		{2A747CDB-D6DD-4093-A489-B0430A0C8C6A} = {B272EBD9-CFAE-445D-8711-AFB8B9735D45}
		{93579A72-2FA2-4C27-B372-AD79E7AF51E5} = {B272EBD9-CFAE-445D-8711-AFB8B9735D45}
		{76E968D7-69A9-47D0-8841-6AED0658082E} = {270A9E39-0251-4990-A18F-2108ED123F2B}
		{75B41171-646B-4232-89BF-E7E8F091670F} = {45608106-0349-46F8-A4C5-D2068587B7F6}
		{442A30BE-76B3-4656-82D0-E17621FE796D} = {270A9E39-0251-4990-A18F-2108ED123F2B}
	EndGlobalSection
	GlobalSection(ExtensibilityGlobals) = postSolution
		SolutionGuid = {73777987-4F5E-4E99-B959-1ED4C86C4DD8}
	EndGlobalSection
EndGlobal
